# This file is generated by running "yarn install" inside your project.
# Manual changes might be lost - proceed with caution!

__metadata:
  version: 10
  cacheKey: 10c0

"@biomejs/biome@npm:^2.5.9":
  version: 2.5.14
  resolution: "@biomejs/biome@npm:2.5.14"
  dependencies:
    "@biomejs/cli-darwin-arm64": "npm:2.5.14"
    "@biomejs/cli-darwin-x64": "npm:2.5.14"
    "@biomejs/cli-linux-arm64": "npm:2.5.14"
    "@biomejs/cli-linux-arm64-musl": "npm:2.5.14"
    "@biomejs/cli-linux-x64": "npm:2.5.14"
    "@biomejs/cli-linux-x64-musl": "npm:2.5.14"
    "@biomejs/cli-win32-arm64": "npm:2.5.14"
    "@biomejs/cli-win32-x64": "npm:2.5.14"
  dependenciesMeta:
    "@biomejs/cli-darwin-arm64":
      optional: true
    "@biomejs/cli-darwin-x64":
      optional: true
    "@biomejs/cli-linux-arm64":
      optional: true
    "@biomejs/cli-linux-arm64-musl":
      optional: true
    "@biomejs/cli-linux-x64":
      optional: true
    "@biomejs/cli-linux-x64-musl":
      optional: true
    "@biomejs/cli-win32-arm64":
      optional: true
    "@biomejs/cli-win32-x64":
      optional: true
  bin:
    biome: bin/biome
  checksum: 10c0/db612f71783a33a11666d09febe8310993474671ca41191ae9c0fa7bfe96f7f6814a5f57dea445e70a88991d8d09a6c5212135aa2950158f320824e4f48ec0a4
  languageName: node
  linkType: hard

"@biomejs/cli-darwin-arm64@npm:2.5.14":
  version: 2.5.14
  resolution: "@biomejs/cli-darwin-arm64@npm:2.5.14"
  conditions: os=darwin & cpu=arm64
  languageName: node
  linkType: hard

"@biomejs/cli-darwin-x64@npm:2.5.14":
  version: 2.5.14
  resolution: "@biomejs/cli-darwin-x64@npm:2.5.14"
  conditions: os=darwin & cpu=x64
  languageName: node
  linkType: hard

"@biomejs/cli-linux-arm64-musl@npm:2.5.14":
  version: 2.5.14
  resolution: "@biomejs/cli-linux-arm64-musl@npm:2.5.14"
  conditions: os=linux & cpu=arm64 & libc=musl
  languageName: node
  linkType: hard

"@biomejs/cli-linux-arm64@npm:2.5.14":
  version: 2.5.14
  resolution: "@biomejs/cli-linux-arm64@npm:2.5.14"
  conditions: os=linux & cpu=arm64 & libc=glibc
  languageName: node
  linkType: hard

"@biomejs/cli-linux-x64-musl@npm:2.5.14":
  version: 2.5.14
  resolution: "@biomejs/cli-linux-x64-musl@npm:2.5.14"
  conditions: os=linux & cpu=x64 & libc=musl
  languageName: node
  linkType: hard

"@biomejs/cli-linux-x64@npm:2.5.14":
  version: 2.5.14
  resolution: "@biomejs/cli-linux-x64@npm:2.5.14"
  conditions: os=linux & cpu=x64 & libc=glibc
  languageName: node
  linkType: hard

"@biomejs/cli-win32-arm64@npm:2.5.14":
  version: 2.5.14
  resolution: "@biomejs/cli-win32-arm64@npm:2.5.14"
  conditions: os=win32 & cpu=arm64
  languageName: node
  linkType: hard

"@biomejs/cli-win32-x64@npm:2.5.14":
  version: 2.5.14
  resolution: "@biomejs/cli-win32-x64@npm:2.5.14"
  conditions: os=win32 & cpu=x64
  languageName: node
  linkType: hard

"@emnapi/core@npm:1.11.2":
  version: 1.11.2
  resolution: "@emnapi/core@npm:1.11.2"
  dependencies:
    "@emnapi/wasi-threads": "npm:1.2.2"
    tslib: "npm:^2.4.0"
  checksum: 10c0/424ca1607f498e524eb58db1095e6cc2082986edfd84a74b116d4e2c6e43b5e9d557ea7f0d7b9adf7f6d5023e25ac2ed6bd08caf0043d3d8602598d79579c2cd
  languageName: node
  linkType: hard

"@emnapi/runtime@npm:1.11.2":
  version: 1.11.2
  resolution: "@emnapi/runtime@npm:1.11.2"
  dependencies:
    tslib: "npm:^2.4.0"
  checksum: 10c0/d8d500059fe9c0864571c79ce29439c1b6fb44d7ec4ac865a2aaaa7469194e5d91ebdc820cabd37c3d373478b725a8b60771733e4743cfef41fc86d9a1f2eab0
  languageName: node
  linkType: hard

"@emnapi/wasi-threads@npm:1.2.2":
  version: 1.2.2
  resolution: "@emnapi/wasi-threads@npm:1.2.2"
  dependencies:
    tslib: "npm:^2.4.0"
  checksum: 10c0/f0dc8269d6b20ae5a7c7b36e7a6a333452009d461038ef4febb29da2f3f78c1e2b1576d7e8970a5c5789ed3caedc1f80f5b0c2a5373bdaf8d03b20432bb55747
  languageName: node
  linkType: hard

"@isaacs/fs-minipass@npm:^4.0.0":
  version: 4.0.1
  resolution: "@isaacs/fs-minipass@npm:4.0.1"
  dependencies:
    minipass: "npm:^7.0.4"
  checksum: 10c0/c25b6dc1598790d5b55c0947a9b7d111cfa92594db5296c3b907e2f533c033666f692a3939eadac17b1c7c40d362d0b0635dc874cbfe3e70db7c2b07cc97a5d2
  languageName: node
  linkType: hard

"@napi-rs/wasm-runtime@npm:^1.1.6":
  version: 1.2.4
  resolution: "@napi-rs/wasm-runtime@npm:1.2.4"
  dependencies:
    "@tybys/wasm-util": "npm:^0.10.3"
  peerDependencies:
    "@emnapi/core": ^1.7.1 || ^2.0.0-alpha.4
    "@emnapi/runtime": ^1.7.1 || ^2.0.0-alpha.4
  checksum: 10c0/4bd7be975f7c806bf7c33255b53257cdcd603c573e453b2f6878550bcfd59722d0d34c97627ee6a0353d91274b738d29b32ba1f0fe552a5fca1c2da80aa17bdc
  languageName: node
  linkType: hard

"@oxc-parser/binding-android-arm-eabi@npm:0.150.0":
  version: 0.150.0
  resolution: "@oxc-parser/binding-android-arm-eabi@npm:0.150.0"
  conditions: os=android & cpu=arm
  languageName: node
  linkType: hard

"@oxc-parser/binding-android-arm64@npm:0.150.0":
  version: 0.150.0
  resolution: "@oxc-parser/binding-android-arm64@npm:0.150.0"
  conditions: os=android & cpu=arm64
  languageName: node
  linkType: hard

"@oxc-parser/binding-darwin-arm64@npm:0.150.0":
  version: 0.150.0
  resolution: "@oxc-parser/binding-darwin-arm64@npm:0.150.0"
  conditions: os=darwin & cpu=arm64
  languageName: node
  linkType: hard

"@oxc-parser/binding-darwin-x64@npm:0.150.0":
  version: 0.150.0
  resolution: "@oxc-parser/binding-darwin-x64@npm:0.150.0"
  conditions: os=darwin & cpu=x64
  languageName: node
  linkType: hard

"@oxc-parser/binding-freebsd-x64@npm:0.150.0":
  version: 0.150.0
  resolution: "@oxc-parser/binding-freebsd-x64@npm:0.150.0"
  conditions: os=freebsd & cpu=x64
  languageName: node
  linkType: hard

"@oxc-parser/binding-linux-arm-gnueabihf@npm:0.150.0":
  version: 0.150.0
  resolution: "@oxc-parser/binding-linux-arm-gnueabihf@npm:0.150.0"
  conditions: os=linux & cpu=arm
  languageName: node
  linkType: hard

"@oxc-parser/binding-linux-arm-musleabihf@npm:0.150.0":
  version: 0.150.0
  resolution: "@oxc-parser/binding-linux-arm-musleabihf@npm:0.150.0"
  conditions: os=linux & cpu=arm
  languageName: node
  linkType: hard

"@oxc-parser/binding-linux-arm64-gnu@npm:0.150.0":
  version: 0.150.0
  resolution: "@oxc-parser/binding-linux-arm64-gnu@npm:0.150.0"
  conditions: os=linux & cpu=arm64 & libc=glibc
  languageName: node
  linkType: hard

"@oxc-parser/binding-linux-arm64-musl@npm:0.150.0":
  version: 0.150.0
  resolution: "@oxc-parser/binding-linux-arm64-musl@npm:0.150.0"
  conditions: os=linux & cpu=arm64 & libc=musl
  languageName: node
  linkType: hard

"@oxc-parser/binding-linux-ppc64-gnu@npm:0.150.0":
  version: 0.150.0
  resolution: "@oxc-parser/binding-linux-ppc64-gnu@npm:0.150.0"
  conditions: os=linux & cpu=ppc64 & libc=glibc
  languageName: node
  linkType: hard

"@oxc-parser/binding-linux-riscv64-gnu@npm:0.150.0":
  version: 0.150.0
  resolution: "@oxc-parser/binding-linux-riscv64-gnu@npm:0.150.0"
  conditions: os=linux & cpu=riscv64 & libc=glibc
  languageName: node
  linkType: hard

"@oxc-parser/binding-linux-riscv64-musl@npm:0.150.0":
  version: 0.150.0
  resolution: "@oxc-parser/binding-linux-riscv64-musl@npm:0.150.0"
  conditions: os=linux & cpu=riscv64 & libc=musl
  languageName: node
  linkType: hard

"@oxc-parser/binding-linux-s390x-gnu@npm:0.150.0":
  version: 0.150.0
  resolution: "@oxc-parser/binding-linux-s390x-gnu@npm:0.150.0"
  conditions: os=linux & cpu=s390x & libc=glibc
  languageName: node
  linkType: hard

"@oxc-parser/binding-linux-x64-gnu@npm:0.150.0":
  version: 0.150.0
  resolution: "@oxc-parser/binding-linux-x64-gnu@npm:0.150.0"
  conditions: os=linux & cpu=x64 & libc=glibc
  languageName: node
  linkType: hard

"@oxc-parser/binding-linux-x64-musl@npm:0.150.0":
  version: 0.150.0
  resolution: "@oxc-parser/binding-linux-x64-musl@npm:0.150.0"
  conditions: os=linux & cpu=x64 & libc=musl
  languageName: node
  linkType: hard

"@oxc-parser/binding-openharmony-arm64@npm:0.150.0":
  version: 0.150.0
  resolution: "@oxc-parser/binding-openharmony-arm64@npm:0.150.0"
  conditions: os=openharmony & cpu=arm64
  languageName: node
  linkType: hard

"@oxc-parser/binding-win32-arm64-msvc@npm:0.150.0":
  version: 0.150.0
  resolution: "@oxc-parser/binding-win32-arm64-msvc@npm:0.150.0"
  conditions: os=win32 & cpu=arm64
  languageName: node
  linkType: hard

"@oxc-parser/binding-win32-ia32-msvc@npm:0.150.0":
  version: 0.150.0
  resolution: "@oxc-parser/binding-win32-ia32-msvc@npm:0.150.0"
  conditions: os=win32 & cpu=ia32
  languageName: node
  linkType: hard

"@oxc-parser/binding-win32-x64-msvc@npm:0.150.0":
  version: 0.150.0
  resolution: "@oxc-parser/binding-win32-x64-msvc@npm:0.150.0"
  conditions: os=win32 & cpu=x64
  languageName: node
  linkType: hard

"@oxc-project/types@npm:=0.151.0":
  version: 0.151.0
  resolution: "@oxc-project/types@npm:0.151.0"
  checksum: 10c0/7dac5399345abf368449735c31c218439e6c3a2acf7b8cbc715a88b45989390208f61bea0f3eb28bee5a034a509a7f4142ae60069e6611b07c70a30867c8ca84
  languageName: node
  linkType: hard

"@oxc-project/types@npm:^0.150.0":
  version: 0.150.0
  resolution: "@oxc-project/types@npm:0.150.0"
  checksum: 10c0/e8b72ce72f5cd56b6c1da67dd65677c54850354acb0d2493016c791088f5cad991ba14ea79948ed766f62f6b6048e5de8ace163e154c8f21c550753052ccfe42
  languageName: node
  linkType: hard

"@oxc-resolver/binding-android-arm-eabi@npm:11.24.2":
  version: 11.24.2
  resolution: "@oxc-resolver/binding-android-arm-eabi@npm:11.24.2"
  conditions: os=android & cpu=arm
  languageName: node
  linkType: hard

"@oxc-resolver/binding-android-arm64@npm:11.24.2":
  version: 11.24.2
  resolution: "@oxc-resolver/binding-android-arm64@npm:11.24.2"
  conditions: os=android & cpu=arm64
  languageName: node
  linkType: hard

"@oxc-resolver/binding-darwin-arm64@npm:11.24.2":
  version: 11.24.2
  resolution: "@oxc-resolver/binding-darwin-arm64@npm:11.24.2"
  conditions: os=darwin & cpu=arm64
  languageName: node
  linkType: hard

"@oxc-resolver/binding-darwin-x64@npm:11.24.2":
  version: 11.24.2
  resolution: "@oxc-resolver/binding-darwin-x64@npm:11.24.2"
  conditions: os=darwin & cpu=x64
  languageName: node
  linkType: hard

"@oxc-resolver/binding-freebsd-x64@npm:11.24.2":
  version: 11.24.2
  resolution: "@oxc-resolver/binding-freebsd-x64@npm:11.24.2"
  conditions: os=freebsd & cpu=x64
  languageName: node
  linkType: hard

"@oxc-resolver/binding-linux-arm-gnueabihf@npm:11.24.2":
  version: 11.24.2
  resolution: "@oxc-resolver/binding-linux-arm-gnueabihf@npm:11.24.2"
  conditions: os=linux & cpu=arm
  languageName: node
  linkType: hard

"@oxc-resolver/binding-linux-arm-musleabihf@npm:11.24.2":
  version: 11.24.2
  resolution: "@oxc-resolver/binding-linux-arm-musleabihf@npm:11.24.2"
  conditions: os=linux & cpu=arm
  languageName: node
  linkType: hard

"@oxc-resolver/binding-linux-arm64-gnu@npm:11.24.2":
  version: 11.24.2
  resolution: "@oxc-resolver/binding-linux-arm64-gnu@npm:11.24.2"
  conditions: os=linux & cpu=arm64 & libc=glibc
  languageName: node
  linkType: hard

"@oxc-resolver/binding-linux-arm64-musl@npm:11.24.2":
  version: 11.24.2
  resolution: "@oxc-resolver/binding-linux-arm64-musl@npm:11.24.2"
  conditions: os=linux & cpu=arm64 & libc=musl
  languageName: node
  linkType: hard

"@oxc-resolver/binding-linux-ppc64-gnu@npm:11.24.2":
  version: 11.24.2
  resolution: "@oxc-resolver/binding-linux-ppc64-gnu@npm:11.24.2"
  conditions: os=linux & cpu=ppc64 & libc=glibc
  languageName: node
  linkType: hard

"@oxc-resolver/binding-linux-riscv64-gnu@npm:11.24.2":
  version: 11.24.2
  resolution: "@oxc-resolver/binding-linux-riscv64-gnu@npm:11.24.2"
  conditions: os=linux & cpu=riscv64 & libc=glibc
  languageName: node
  linkType: hard

"@oxc-resolver/binding-linux-riscv64-musl@npm:11.24.2":
  version: 11.24.2
  resolution: "@oxc-resolver/binding-linux-riscv64-musl@npm:11.24.2"
  conditions: os=linux & cpu=riscv64 & libc=musl
  languageName: node
  linkType: hard

"@oxc-resolver/binding-linux-s390x-gnu@npm:11.24.2":
  version: 11.24.2
  resolution: "@oxc-resolver/binding-linux-s390x-gnu@npm:11.24.2"
  conditions: os=linux & cpu=s390x & libc=glibc
  languageName: node
  linkType: hard

"@oxc-resolver/binding-linux-x64-gnu@npm:11.24.2":
  version: 11.24.2
  resolution: "@oxc-resolver/binding-linux-x64-gnu@npm:11.24.2"
  conditions: os=linux & cpu=x64 & libc=glibc
  languageName: node
  linkType: hard

"@oxc-resolver/binding-linux-x64-musl@npm:11.24.2":
  version: 11.24.2
  resolution: "@oxc-resolver/binding-linux-x64-musl@npm:11.24.2"
  conditions: os=linux & cpu=x64 & libc=musl
  languageName: node
  linkType: hard

"@oxc-resolver/binding-openharmony-arm64@npm:11.24.2":
  version: 11.24.2
  resolution: "@oxc-resolver/binding-openharmony-arm64@npm:11.24.2"
  conditions: os=openharmony & cpu=arm64
  languageName: node
  linkType: hard

"@oxc-resolver/binding-wasm32-wasi@npm:11.24.2":
  version: 11.24.2
  resolution: "@oxc-resolver/binding-wasm32-wasi@npm:11.24.2"
  dependencies:
    "@emnapi/core": "npm:1.11.2"
    "@emnapi/runtime": "npm:1.11.2"
    "@napi-rs/wasm-runtime": "npm:^1.1.6"
  conditions: cpu=wasm32
  languageName: node
  linkType: hard

"@oxc-resolver/binding-win32-arm64-msvc@npm:11.24.2":
  version: 11.24.2
  resolution: "@oxc-resolver/binding-win32-arm64-msvc@npm:11.24.2"
  conditions: os=win32 & cpu=arm64
  languageName: node
  linkType: hard

"@oxc-resolver/binding-win32-x64-msvc@npm:11.24.2":
  version: 11.24.2
  resolution: "@oxc-resolver/binding-win32-x64-msvc@npm:11.24.2"
  conditions: os=win32 & cpu=x64
  languageName: node
  linkType: hard

"@rolldown/binding-android-arm-eabi@npm:1.2.11":
  version: 1.2.11
  resolution: "@rolldown/binding-android-arm-eabi@npm:1.2.11"
  conditions: os=android & cpu=arm
  languageName: node
  linkType: hard

"@rolldown/binding-android-arm64@npm:1.2.11":
  version: 1.2.11
  resolution: "@rolldown/binding-android-arm64@npm:1.2.11"
  conditions: os=android & cpu=arm64
  languageName: node
  linkType: hard

"@rolldown/binding-darwin-arm64@npm:1.2.11":
  version: 1.2.11
  resolution: "@rolldown/binding-darwin-arm64@npm:1.2.11"
  conditions: os=darwin & cpu=arm64
  languageName: node
  linkType: hard

"@rolldown/binding-darwin-x64@npm:1.2.11":
  version: 1.2.11
  resolution: "@rolldown/binding-darwin-x64@npm:1.2.11"
  conditions: os=darwin & cpu=x64
  languageName: node
  linkType: hard

"@rolldown/binding-freebsd-x64@npm:1.2.11":
  version: 1.2.11
  resolution: "@rolldown/binding-freebsd-x64@npm:1.2.11"
  conditions: os=freebsd & cpu=x64
  languageName: node
  linkType: hard

"@rolldown/binding-linux-arm-gnueabihf@npm:1.2.11":
  version: 1.2.11
  resolution: "@rolldown/binding-linux-arm-gnueabihf@npm:1.2.11"
  conditions: os=linux & cpu=arm
  languageName: node
  linkType: hard

"@rolldown/binding-linux-arm64-gnu@npm:1.2.11":
  version: 1.2.11
  resolution: "@rolldown/binding-linux-arm64-gnu@npm:1.2.11"
  conditions: os=linux & cpu=arm64 & libc=glibc
  languageName: node
  linkType: hard

"@rolldown/binding-linux-arm64-musl@npm:1.2.11":
  version: 1.2.11
  resolution: "@rolldown/binding-linux-arm64-musl@npm:1.2.11"
  conditions: os=linux & cpu=arm64 & libc=musl
  languageName: node
  linkType: hard

"@rolldown/binding-linux-ppc64-gnu@npm:1.2.11":
  version: 1.2.11
  resolution: "@rolldown/binding-linux-ppc64-gnu@npm:1.2.11"
  conditions: os=linux & cpu=ppc64 & libc=glibc
  languageName: node
  linkType: hard

"@rolldown/binding-linux-s390x-gnu@npm:1.2.11":
  version: 1.2.11
  resolution: "@rolldown/binding-linux-s390x-gnu@npm:1.2.11"
  conditions: os=linux & cpu=s390x & libc=glibc
  languageName: node
  linkType: hard

"@rolldown/binding-linux-x64-gnu@npm:1.2.11":
  version: 1.2.11
  resolution: "@rolldown/binding-linux-x64-gnu@npm:1.2.11"
  conditions: os=linux & cpu=x64 & libc=glibc
  languageName: node
  linkType: hard

"@rolldown/binding-linux-x64-musl@npm:1.2.11":
  version: 1.2.11
  resolution: "@rolldown/binding-linux-x64-musl@npm:1.2.11"
  conditions: os=linux & cpu=x64 & libc=musl
  languageName: node
  linkType: hard

"@rolldown/binding-openharmony-arm64@npm:1.2.11":
  version: 1.2.11
  resolution: "@rolldown/binding-openharmony-arm64@npm:1.2.11"
  conditions: os=openharmony & cpu=arm64
  languageName: node
  linkType: hard

"@rolldown/binding-win32-arm64-msvc@npm:1.2.11":
  version: 1.2.11
  resolution: "@rolldown/binding-win32-arm64-msvc@npm:1.2.11"
  conditions: os=win32 & cpu=arm64
  languageName: node
  linkType: hard

"@rolldown/binding-win32-x64-msvc@npm:1.2.11":
  version: 1.2.11
  resolution: "@rolldown/binding-win32-x64-msvc@npm:1.2.11"
  conditions: os=win32 & cpu=x64
  languageName: node
  linkType: hard

"@rolldown/pluginutils@npm:^1.0.0, @rolldown/pluginutils@npm:^1.0.1":
  version: 1.0.1
  resolution: "@rolldown/pluginutils@npm:1.0.1"
  checksum: 10c0/99d9b06d90196823e4d8c841f258db7a16e5dbba5824a2962b05d907b79f1ba929d56f22dd744fd530936e568c865ee56a719dc31e57e13bc0a8eb4764a8d8dd
  languageName: node
  linkType: hard

"@tybys/wasm-util@npm:^0.10.3":
  version: 0.10.4
  resolution: "@tybys/wasm-util@npm:0.10.4"
  dependencies:
    tslib: "npm:^2.4.0"
  checksum: 10c0/27947f254efa3f2bc41f47040f57f41c246200c6439a9fd54c69f50940e320022c320275f138e30b543ee81ce69593905dfa7ba0831577ab636f829aafa70701
  languageName: node
  linkType: hard

"@types/node@npm:^24.13.3":
  version: 24.13.6
  resolution: "@types/node@npm:24.13.6"
  dependencies:
    undici-types: "npm:~7.18.0"
  checksum: 10c0/b6302b2ede891e3a583a6e9c75390e8bc0fb8a99ea81c61ed029c244426550f1508ebae4ba1acf32840fb22a7df461f1e87b449043a8f906240b31a090866c1a
  languageName: node
  linkType: hard

"@types/react-dom@npm:^19.2.3":
  version: 19.3.0
  resolution: "@types/react-dom@npm:19.3.0"
  peerDependencies:
    "@types/react": ^19.3.0
  checksum: 10c0/ce0066d28b62bc6afdd17ca84756b8fbe0f6ffc0c8b1e60739abc30e81510da2edbc1007e6ab3d974d30f5a8c25bb0f7de8d7ce09736c909fe84c0f9aed0b946
  languageName: node
  linkType: hard

"@types/react@npm:^19.2.17":
  version: 19.3.0
  resolution: "@types/react@npm:19.3.0"
  dependencies:
    csstype: "npm:^3.2.2"
  checksum: 10c0/fbcabf303f935ca9f36ed2dcf81751cf84744098c5a683c8a62a0fa7edd31714b48d5c46b12fd0014f7f2dfe4d9ec6de428a850748eec719a70294e51029551b
  languageName: node
  linkType: hard

"@vitejs/plugin-react@npm:^6.0.4":
  version: 6.1.1
  resolution: "@vitejs/plugin-react@npm:6.1.1"
  dependencies:
    "@rolldown/pluginutils": "npm:^1.0.1"
  peerDependencies:
    "@rolldown/plugin-babel": ^0.1.7 || ^0.2.0
    babel-plugin-react-compiler: ^1.0.0
    oxc-transform-react: ^0.145.0
    vite: ^8.0.0
  peerDependenciesMeta:
    "@rolldown/plugin-babel":
      optional: true
    babel-plugin-react-compiler:
      optional: true
    oxc-transform-react:
      optional: true
  checksum: 10c0/4599b37ee19ebee289782b177642e3002afa9b74cb57a2c0e2a601053c7ebb47f9ef178ab605ff1217de1d23069948a8d366447bfac0d9fb2f17afee5368acd0
  languageName: node
  linkType: hard

"abbrev@npm:^5.0.0":
  version: 5.0.0
  resolution: "abbrev@npm:5.0.0"
  checksum: 10c0/8e88f5c798ea4562d28c5a3e9ad69e3879890bc5d695d8f2dffb8609be4c890aacc8f80ef4553fdd2c6a62d70c2ce8bc57b38074e383beb7487bdafa9ed42ea5
  languageName: node
  linkType: hard

"chownr@npm:^3.0.0":
  version: 3.0.0
  resolution: "chownr@npm:3.0.0"
  checksum: 10c0/43925b87700f7e3893296c8e9c56cc58f926411cce3a6e5898136daaf08f08b9a8eb76d37d3267e707d0dcc17aed2e2ebdf5848c0c3ce95cf910a919935c1b10
  languageName: node
  linkType: hard

"csstype@npm:^3.2.2":
  version: 3.2.3
  resolution: "csstype@npm:3.2.3"
  checksum: 10c0/cd29c51e70fa822f1cecd8641a1445bed7063697469d35633b516e60fe8c1bde04b08f6c5b6022136bb669b64c63d4173af54864510fbb4ee23281801841a3ce
  languageName: node
  linkType: hard

"detect-libc@npm:^2.0.3":
  version: 2.1.2
  resolution: "detect-libc@npm:2.1.2"
  checksum: 10c0/acc675c29a5649fa1fb6e255f993b8ee829e510b6b56b0910666949c80c364738833417d0edb5f90e4e46be17228b0f2b66a010513984e18b15deeeac49369c4
  languageName: node
  linkType: hard

"env-paths@npm:^2.2.0":
  version: 2.2.1
  resolution: "env-paths@npm:2.2.1"
  checksum: 10c0/285325677bf00e30845e330eec32894f5105529db97496ee3f598478e50f008c5352a41a30e5e72ec9de8a542b5a570b85699cd63bd2bc646dbcb9f311d83bc4
  languageName: node
  linkType: hard

"exponential-backoff@npm:^3.1.1":
  version: 3.1.3
  resolution: "exponential-backoff@npm:3.1.3"
  checksum: 10c0/77e3ae682b7b1f4972f563c6dbcd2b0d54ac679e62d5d32f3e5085feba20483cf28bd505543f520e287a56d4d55a28d7874299941faf637e779a1aa5994d1267
  languageName: node
  linkType: hard

"fd-package-json@npm:^2.0.0":
  version: 2.0.0
  resolution: "fd-package-json@npm:2.0.0"
  dependencies:
    walk-up-path: "npm:^4.0.0"
  checksum: 10c0/a0a48745257bc09c939486608dad9f2ced238f0c64266222cc881618ed4c8f6aa0ccfe45a1e6d4f9ce828509e8d617cec60e2a114851bebb1ff4886dc5ed5112
  languageName: node
  linkType: hard

"fdir@npm:^6.5.0":
  version: 6.5.0
  resolution: "fdir@npm:6.5.0"
  peerDependencies:
    picomatch: ^3 || ^4
  peerDependenciesMeta:
    picomatch:
      optional: true
  checksum: 10c0/e345083c4306b3aed6cb8ec551e26c36bab5c511e99ea4576a16750ddc8d3240e63826cc624f5ae17ad4dc82e68a253213b60d556c11bfad064b7607847ed07f
  languageName: node
  linkType: hard

"formatly@npm:^0.7.0":
  version: 0.7.1
  resolution: "formatly@npm:0.7.1"
  dependencies:
    fd-package-json: "npm:^2.0.0"
    package-manager-detector: "npm:^1.8.0"
  bin:
    formatly: bin/index.mjs
  checksum: 10c0/2a1fe7fe7b79cf026ed60f4fbc90c6b7e6a802f04972507c8c6c402babe77e843d0378f4ef0e2f4b426c90e1bcb2abcb54da069329ac472057f94b4ad9aba5d7
  languageName: node
  linkType: hard

"frontend-seminar-template@workspace:.":
  version: 0.0.0-use.local
  resolution: "frontend-seminar-template@workspace:."
  dependencies:
    "@biomejs/biome": "npm:^2.5.9"
    "@types/node": "npm:^24.13.3"
    "@types/react": "npm:^19.2.17"
    "@types/react-dom": "npm:^19.2.3"
    "@vitejs/plugin-react": "npm:^6.0.4"
    knip: "npm:^6.32.2"
    react: "npm:^19.2.8"
    react-dom: "npm:^19.2.8"
    typescript: "npm:~6.0.2"
    vite: "npm:^8.2.0"
  languageName: unknown
  linkType: soft

"fsevents@npm:~2.3.3":
  version: 2.3.3
  resolution: "fsevents@npm:2.3.3"
  dependencies:
    node-gyp: "npm:latest"
  checksum: 10c0/a1f0c44595123ed717febbc478aa952e47adfc28e2092be66b8ab1635147254ca6cfe1df792a8997f22716d4cbafc73309899ff7bfac2ac3ad8cf2e4ecc3ec60
  conditions: os=darwin
  languageName: node
  linkType: hard

"fsevents@patch:fsevents@npm%3A~2.3.3#optional!builtin<compat/fsevents>":
  version: 2.3.3
  resolution: "fsevents@patch:fsevents@npm%3A2.3.3#optional!builtin<compat/fsevents>::version=2.3.3&hash=df0bf1"
  dependencies:
    node-gyp: "npm:latest"
  conditions: os=darwin
  languageName: node
  linkType: hard

"get-tsconfig@npm:4.14.3":
  version: 4.14.3
  resolution: "get-tsconfig@npm:4.14.3"
  dependencies:
    resolve-pkg-maps: "npm:^1.0.0"
  checksum: 10c0/22119bb5b7e37b922a973bfb50deac89ca845cef50a24cd27b6c628f314e91a2bccceb186e0b5183e231ad6480d7173738912975332caf60678af39b7236eeac
  languageName: node
  linkType: hard

"graceful-fs@npm:^4.2.6":
  version: 4.2.11
  resolution: "graceful-fs@npm:4.2.11"
  checksum: 10c0/386d011a553e02bc594ac2ca0bd6d9e4c22d7fa8cfbfc448a6d148c59ea881b092db9dbe3547ae4b88e55f1b01f7c4a2ecc53b310c042793e63aa44cf6c257f2
  languageName: node
  linkType: hard

"isexe@npm:^4.0.0":
  version: 4.0.0
  resolution: "isexe@npm:4.0.0"
  checksum: 10c0/5884815115bceac452877659a9c7726382531592f43dc29e5d48b7c4100661aed54018cb90bd36cb2eaeba521092570769167acbb95c18d39afdccbcca06c5ce
  languageName: node
  linkType: hard

"jiti@npm:^2.7.0":
  version: 2.7.0
  resolution: "jiti@npm:2.7.0"
  bin:
    jiti: lib/jiti-cli.mjs
  checksum: 10c0/1b1e2310a490dce1aeea3da5f5dfe18273516c20ce48be2e98eb8ea452d5f3dcc8fd0cfd6d28b4052a24c5dbab6e3089b2d7e79f0bce7915b10d750929563c42
  languageName: node
  linkType: hard

"knip@npm:^6.32.2":
  version: 6.38.0
  resolution: "knip@npm:6.38.0"
  dependencies:
    fdir: "npm:^6.5.0"
    formatly: "npm:^0.7.0"
    get-tsconfig: "npm:4.14.3"
    jiti: "npm:^2.7.0"
    oxc-parser: "npm:^0.150.0"
    oxc-resolver: "npm:11.24.2"
    picomatch: "npm:^4.0.7"
    smol-toml: "npm:^1.8.0"
    strip-json-comments: "npm:5.0.3"
    tinyglobby: "npm:^0.2.17"
    unbash: "npm:^4.0.11"
    yaml: "npm:^2.9.1"
    zod: "npm:^4.4.3"
  bin:
    knip: bin/knip.js
    knip-bun: bin/knip-bun.js
  checksum: 10c0/c5f95d1baebfc746133bdcc4a9f244d071f683b40916db1f30cb4f566c5b5b6d730008f8d778a350ddc9507e1016bf7fc01c2b1b580898a221afb5216b4f7d45
  languageName: node
  linkType: hard

"lightningcss-android-arm64@npm:1.33.0":
  version: 1.33.0
  resolution: "lightningcss-android-arm64@npm:1.33.0"
  conditions: os=android & cpu=arm64
  languageName: node
  linkType: hard

"lightningcss-darwin-arm64@npm:1.33.0":
  version: 1.33.0
  resolution: "lightningcss-darwin-arm64@npm:1.33.0"
  conditions: os=darwin & cpu=arm64
  languageName: node
  linkType: hard

"lightningcss-darwin-x64@npm:1.33.0":
  version: 1.33.0
  resolution: "lightningcss-darwin-x64@npm:1.33.0"
  conditions: os=darwin & cpu=x64
  languageName: node
  linkType: hard

"lightningcss-freebsd-x64@npm:1.33.0":
  version: 1.33.0
  resolution: "lightningcss-freebsd-x64@npm:1.33.0"
  conditions: os=freebsd & cpu=x64
  languageName: node
  linkType: hard

"lightningcss-linux-arm-gnueabihf@npm:1.33.0":
  version: 1.33.0
  resolution: "lightningcss-linux-arm-gnueabihf@npm:1.33.0"
  conditions: os=linux & cpu=arm
  languageName: node
  linkType: hard

"lightningcss-linux-arm64-gnu@npm:1.33.0":
  version: 1.33.0
  resolution: "lightningcss-linux-arm64-gnu@npm:1.33.0"
  conditions: os=linux & cpu=arm64 & libc=glibc
  languageName: node
  linkType: hard

"lightningcss-linux-arm64-musl@npm:1.33.0":
  version: 1.33.0
  resolution: "lightningcss-linux-arm64-musl@npm:1.33.0"
  conditions: os=linux & cpu=arm64 & libc=musl
  languageName: node
  linkType: hard

"lightningcss-linux-x64-gnu@npm:1.33.0":
  version: 1.33.0
  resolution: "lightningcss-linux-x64-gnu@npm:1.33.0"
  conditions: os=linux & cpu=x64 & libc=glibc
  languageName: node
  linkType: hard

"lightningcss-linux-x64-musl@npm:1.33.0":
  version: 1.33.0
  resolution: "lightningcss-linux-x64-musl@npm:1.33.0"
  conditions: os=linux & cpu=x64 & libc=musl
  languageName: node
  linkType: hard

"lightningcss-win32-arm64-msvc@npm:1.33.0":
  version: 1.33.0
  resolution: "lightningcss-win32-arm64-msvc@npm:1.33.0"
  conditions: os=win32 & cpu=arm64
  languageName: node
  linkType: hard

"lightningcss-win32-x64-msvc@npm:1.33.0":
  version: 1.33.0
  resolution: "lightningcss-win32-x64-msvc@npm:1.33.0"
  conditions: os=win32 & cpu=x64
  languageName: node
  linkType: hard

"lightningcss@npm:^1.33.0":
  version: 1.33.0
  resolution: "lightningcss@npm:1.33.0"
  dependencies:
    detect-libc: "npm:^2.0.3"
    lightningcss-android-arm64: "npm:1.33.0"
    lightningcss-darwin-arm64: "npm:1.33.0"
    lightningcss-darwin-x64: "npm:1.33.0"
    lightningcss-freebsd-x64: "npm:1.33.0"
    lightningcss-linux-arm-gnueabihf: "npm:1.33.0"
    lightningcss-linux-arm64-gnu: "npm:1.33.0"
    lightningcss-linux-arm64-musl: "npm:1.33.0"
    lightningcss-linux-x64-gnu: "npm:1.33.0"
    lightningcss-linux-x64-musl: "npm:1.33.0"
    lightningcss-win32-arm64-msvc: "npm:1.33.0"
    lightningcss-win32-x64-msvc: "npm:1.33.0"
  dependenciesMeta:
    lightningcss-android-arm64:
      optional: true
    lightningcss-darwin-arm64:
      optional: true
    lightningcss-darwin-x64:
      optional: true
    lightningcss-freebsd-x64:
      optional: true
    lightningcss-linux-arm-gnueabihf:
      optional: true
    lightningcss-linux-arm64-gnu:
      optional: true
    lightningcss-linux-arm64-musl:
      optional: true
    lightningcss-linux-x64-gnu:
      optional: true
    lightningcss-linux-x64-musl:
      optional: true
    lightningcss-win32-arm64-msvc:
      optional: true
    lightningcss-win32-x64-msvc:
      optional: true
  checksum: 10c0/ce1f8279fbae636dbf37fa6e7385d5f98ed881d72af3362f24afbd4685e19c1fcdfecf17e5dd77f2ebee3d0c23ade276230d85842d07292229a2cffba8ff20a3
  languageName: node
  linkType: hard

"minipass@npm:^7.0.4, minipass@npm:^7.1.2":
  version: 7.1.3
  resolution: "minipass@npm:7.1.3"
  checksum: 10c0/539da88daca16533211ea5a9ee98dc62ff5742f531f54640dd34429e621955e91cc280a91a776026264b7f9f6735947629f920944e9c1558369e8bf22eb33fbb
  languageName: node
  linkType: hard

"minizlib@npm:^3.1.0":
  version: 3.1.0
  resolution: "minizlib@npm:3.1.0"
  dependencies:
    minipass: "npm:^7.1.2"
  checksum: 10c0/5aad75ab0090b8266069c9aabe582c021ae53eb33c6c691054a13a45db3b4f91a7fb1bd79151e6b4e9e9a86727b522527c0a06ec7d45206b745d54cd3097bcec
  languageName: node
  linkType: hard

"nanoid@npm:^3.3.18":
  version: 3.3.19
  resolution: "nanoid@npm:3.3.19"
  bin:
    nanoid: bin/nanoid.cjs
  checksum: 10c0/ce7afa6258bfaa00bdc8de291cfe9913280eaa403b7d9cff3db4e4200c1913e7163577df74897958da144db473a96c67f74f57db0f542fbfe409df677bae3255
  languageName: node
  linkType: hard

"node-gyp@npm:latest":
  version: 13.0.2
  resolution: "node-gyp@npm:13.0.2"
  dependencies:
    env-paths: "npm:^2.2.0"
    exponential-backoff: "npm:^3.1.1"
    graceful-fs: "npm:^4.2.6"
    nopt: "npm:^10.0.0"
    proc-log: "npm:^7.0.0"
    semver: "npm:^7.3.5"
    tar: "npm:^7.5.4"
    tinyglobby: "npm:^0.2.12"
    undici: "npm:^8.4.1"
    which: "npm:^7.0.0"
  bin:
    node-gyp: bin/node-gyp.js
  checksum: 10c0/29d33ccf47ffeeb5e7af925550b416f698a26a72eb10975c7eb5775c1d0cecacd76d164a4aa45503d3ddcece209db65c712be00423c69381a4cd14e2e6540559
  languageName: node
  linkType: hard

"nopt@npm:^10.0.0":
  version: 10.0.1
  resolution: "nopt@npm:10.0.1"
  dependencies:
    abbrev: "npm:^5.0.0"
  bin:
    nopt: bin/nopt.js
  checksum: 10c0/980d89257f9587f3e1f77877ddbf905d6aa3b738ec33e49a4fa1a059a0dd82eb28063982b150654a7ae9de386f2ead60e56172db7d37cf56de545f7392a2a26a
  languageName: node
  linkType: hard

"oxc-parser@npm:^0.150.0":
  version: 0.150.0
  resolution: "oxc-parser@npm:0.150.0"
  dependencies:
    "@oxc-parser/binding-android-arm-eabi": "npm:0.150.0"
    "@oxc-parser/binding-android-arm64": "npm:0.150.0"
    "@oxc-parser/binding-darwin-arm64": "npm:0.150.0"
    "@oxc-parser/binding-darwin-x64": "npm:0.150.0"
    "@oxc-parser/binding-freebsd-x64": "npm:0.150.0"
    "@oxc-parser/binding-linux-arm-gnueabihf": "npm:0.150.0"
    "@oxc-parser/binding-linux-arm-musleabihf": "npm:0.150.0"
    "@oxc-parser/binding-linux-arm64-gnu": "npm:0.150.0"
    "@oxc-parser/binding-linux-arm64-musl": "npm:0.150.0"
    "@oxc-parser/binding-linux-ppc64-gnu": "npm:0.150.0"
    "@oxc-parser/binding-linux-riscv64-gnu": "npm:0.150.0"
    "@oxc-parser/binding-linux-riscv64-musl": "npm:0.150.0"
    "@oxc-parser/binding-linux-s390x-gnu": "npm:0.150.0"
    "@oxc-parser/binding-linux-x64-gnu": "npm:0.150.0"
    "@oxc-parser/binding-linux-x64-musl": "npm:0.150.0"
    "@oxc-parser/binding-openharmony-arm64": "npm:0.150.0"
    "@oxc-parser/binding-win32-arm64-msvc": "npm:0.150.0"
    "@oxc-parser/binding-win32-ia32-msvc": "npm:0.150.0"
    "@oxc-parser/binding-win32-x64-msvc": "npm:0.150.0"
    "@oxc-project/types": "npm:^0.150.0"
  dependenciesMeta:
    "@oxc-parser/binding-android-arm-eabi":
      optional: true
    "@oxc-parser/binding-android-arm64":
      optional: true
    "@oxc-parser/binding-darwin-arm64":
      optional: true
    "@oxc-parser/binding-darwin-x64":
      optional: true
    "@oxc-parser/binding-freebsd-x64":
      optional: true
    "@oxc-parser/binding-linux-arm-gnueabihf":
      optional: true
    "@oxc-parser/binding-linux-arm-musleabihf":
      optional: true
    "@oxc-parser/binding-linux-arm64-gnu":
      optional: true
    "@oxc-parser/binding-linux-arm64-musl":
      optional: true
    "@oxc-parser/binding-linux-ppc64-gnu":
      optional: true
    "@oxc-parser/binding-linux-riscv64-gnu":
      optional: true
    "@oxc-parser/binding-linux-riscv64-musl":
      optional: true
    "@oxc-parser/binding-linux-s390x-gnu":
      optional: true
    "@oxc-parser/binding-linux-x64-gnu":
      optional: true
    "@oxc-parser/binding-linux-x64-musl":
      optional: true
    "@oxc-parser/binding-openharmony-arm64":
      optional: true
    "@oxc-parser/binding-win32-arm64-msvc":
      optional: true
    "@oxc-parser/binding-win32-ia32-msvc":
      optional: true
    "@oxc-parser/binding-win32-x64-msvc":
      optional: true
  checksum: 10c0/a799b87b16153188bdb91adb7c30e27ab721f7cd860435f61d215487e84f5ad2e0c8930ce7e79d72864e9afad104a8a134c50a2cee839bc73a96a623d36867b0
  languageName: node
  linkType: hard

"oxc-resolver@npm:11.24.2":
  version: 11.24.2
  resolution: "oxc-resolver@npm:11.24.2"
  dependencies:
    "@oxc-resolver/binding-android-arm-eabi": "npm:11.24.2"
    "@oxc-resolver/binding-android-arm64": "npm:11.24.2"
    "@oxc-resolver/binding-darwin-arm64": "npm:11.24.2"
    "@oxc-resolver/binding-darwin-x64": "npm:11.24.2"
    "@oxc-resolver/binding-freebsd-x64": "npm:11.24.2"
    "@oxc-resolver/binding-linux-arm-gnueabihf": "npm:11.24.2"
    "@oxc-resolver/binding-linux-arm-musleabihf": "npm:11.24.2"
    "@oxc-resolver/binding-linux-arm64-gnu": "npm:11.24.2"
    "@oxc-resolver/binding-linux-arm64-musl": "npm:11.24.2"
    "@oxc-resolver/binding-linux-ppc64-gnu": "npm:11.24.2"
    "@oxc-resolver/binding-linux-riscv64-gnu": "npm:11.24.2"
    "@oxc-resolver/binding-linux-riscv64-musl": "npm:11.24.2"
    "@oxc-resolver/binding-linux-s390x-gnu": "npm:11.24.2"
    "@oxc-resolver/binding-linux-x64-gnu": "npm:11.24.2"
    "@oxc-resolver/binding-linux-x64-musl": "npm:11.24.2"
    "@oxc-resolver/binding-openharmony-arm64": "npm:11.24.2"
    "@oxc-resolver/binding-wasm32-wasi": "npm:11.24.2"
    "@oxc-resolver/binding-win32-arm64-msvc": "npm:11.24.2"
    "@oxc-resolver/binding-win32-x64-msvc": "npm:11.24.2"
  dependenciesMeta:
    "@oxc-resolver/binding-android-arm-eabi":
      optional: true
    "@oxc-resolver/binding-android-arm64":
      optional: true
    "@oxc-resolver/binding-darwin-arm64":
      optional: true
    "@oxc-resolver/binding-darwin-x64":
      optional: true
    "@oxc-resolver/binding-freebsd-x64":
      optional: true
    "@oxc-resolver/binding-linux-arm-gnueabihf":
      optional: true
    "@oxc-resolver/binding-linux-arm-musleabihf":
      optional: true
    "@oxc-resolver/binding-linux-arm64-gnu":
      optional: true
    "@oxc-resolver/binding-linux-arm64-musl":
      optional: true
    "@oxc-resolver/binding-linux-ppc64-gnu":
      optional: true
    "@oxc-resolver/binding-linux-riscv64-gnu":
      optional: true
    "@oxc-resolver/binding-linux-riscv64-musl":
      optional: true
    "@oxc-resolver/binding-linux-s390x-gnu":
      optional: true
    "@oxc-resolver/binding-linux-x64-gnu":
      optional: true
    "@oxc-resolver/binding-linux-x64-musl":
      optional: true
    "@oxc-resolver/binding-openharmony-arm64":
      optional: true
    "@oxc-resolver/binding-wasm32-wasi":
      optional: true
    "@oxc-resolver/binding-win32-arm64-msvc":
      optional: true
    "@oxc-resolver/binding-win32-x64-msvc":
      optional: true
  checksum: 10c0/071454b010192d2d52108813df594532198e8eec3e530370ef55b8bba7e62dcd0cf00f723bbfdca3333284e47437e4b3de009c19beb2ec2d6d4c9bc9dcd7745b
  languageName: node
  linkType: hard

"package-manager-detector@npm:^1.8.0":
  version: 1.8.0
  resolution: "package-manager-detector@npm:1.8.0"
  checksum: 10c0/4c8e2c47fdc874465d3b3b11934401db9d73470ccbdabeb092e46cb94abbc491d5befc8c271b5ea1ae9c6a881f44c2997e011873365bde9fd6c3dc001221ff7a
  languageName: node
  linkType: hard

"picocolors@npm:^1.1.1":
  version: 1.1.1
  resolution: "picocolors@npm:1.1.1"
  checksum: 10c0/e2e3e8170ab9d7c7421969adaa7e1b31434f789afb9b3f115f6b96d91945041ac3ceb02e9ec6fe6510ff036bcc0bf91e69a1772edc0b707e12b19c0f2d6bcf58
  languageName: node
  linkType: hard

"picomatch@npm:^4.0.4, picomatch@npm:^4.0.7":
  version: 4.0.7
  resolution: "picomatch@npm:4.0.7"
  checksum: 10c0/beb6ae02c43ae44e84883b90830196d9046b1726ead292adcf7f57945e0bb0d992d68563d87e03b484b6f3c9a5c6defda7523477f047d7f0e663f126cc01787f
  languageName: node
  linkType: hard

"postcss@npm:^8.5.28":
  version: 8.5.28
  resolution: "postcss@npm:8.5.28"
  dependencies:
    nanoid: "npm:^3.3.18"
    picocolors: "npm:^1.1.1"
    source-map-js: "npm:^1.2.1"
  checksum: 10c0/9fe44215a6628d89c8a75184b92f5b2f77e16f9e5b13b39b9009bb7e8e6eccddf82c8854bae922db1f17ace6ef3445073fe38abff513caeb03e5285b1b55620a
  languageName: node
  linkType: hard

"proc-log@npm:^7.0.0":
  version: 7.0.0
  resolution: "proc-log@npm:7.0.0"
  checksum: 10c0/b89c2d862604f35fec795477b0c7e376feab3ba0d4f4d291c4e959567442697cf451ac557d0623c1cc38af45a78128b983410f397a10c5d3a67f76c33de4754b
  languageName: node
  linkType: hard

"react-dom@npm:^19.2.8":
  version: 19.3.0
  resolution: "react-dom@npm:19.3.0"
  dependencies:
    scheduler: "npm:^0.28.0"
  peerDependencies:
    react: ^19.3.0
  checksum: 10c0/c513044b724dd6bfe9500a9682d60973e7f8a48cffba00b6b16d3e910e27dcc459bf71bf0a5c33d7d62a3843ca30de1bd1e2098058aa4ed71f618a24b6061da5
  languageName: node
  linkType: hard

"react@npm:^19.2.8":
  version: 19.3.0
  resolution: "react@npm:19.3.0"
  checksum: 10c0/dd3099c3c43a7122bc01223bb26b0f8d5ba13cca569af6fb94a005fb54fa73223c9cb203bb226d40cfd49a82cbeef2e36ce84062a3a6d5b9fe8f4437694c7b52
  languageName: node
  linkType: hard

"resolve-pkg-maps@npm:^1.0.0":
  version: 1.0.0
  resolution: "resolve-pkg-maps@npm:1.0.0"
  checksum: 10c0/fb8f7bbe2ca281a73b7ef423a1cbc786fb244bd7a95cbe5c3fba25b27d327150beca8ba02f622baea65919a57e061eb5005204daa5f93ed590d9b77463a567ab
  languageName: node
  linkType: hard

"rolldown@npm:~1.2.9":
  version: 1.2.11
  resolution: "rolldown@npm:1.2.11"
  dependencies:
    "@oxc-project/types": "npm:=0.151.0"
    "@rolldown/binding-android-arm-eabi": "npm:1.2.11"
    "@rolldown/binding-android-arm64": "npm:1.2.11"
    "@rolldown/binding-darwin-arm64": "npm:1.2.11"
    "@rolldown/binding-darwin-x64": "npm:1.2.11"
    "@rolldown/binding-freebsd-x64": "npm:1.2.11"
    "@rolldown/binding-linux-arm-gnueabihf": "npm:1.2.11"
    "@rolldown/binding-linux-arm64-gnu": "npm:1.2.11"
    "@rolldown/binding-linux-arm64-musl": "npm:1.2.11"
    "@rolldown/binding-linux-ppc64-gnu": "npm:1.2.11"
    "@rolldown/binding-linux-s390x-gnu": "npm:1.2.11"
    "@rolldown/binding-linux-x64-gnu": "npm:1.2.11"
    "@rolldown/binding-linux-x64-musl": "npm:1.2.11"
    "@rolldown/binding-openharmony-arm64": "npm:1.2.11"
    "@rolldown/binding-win32-arm64-msvc": "npm:1.2.11"
    "@rolldown/binding-win32-x64-msvc": "npm:1.2.11"
    "@rolldown/pluginutils": "npm:^1.0.0"
  dependenciesMeta:
    "@rolldown/binding-android-arm-eabi":
      optional: true
    "@rolldown/binding-android-arm64":
      optional: true
    "@rolldown/binding-darwin-arm64":
      optional: true
    "@rolldown/binding-darwin-x64":
      optional: true
    "@rolldown/binding-freebsd-x64":
      optional: true
    "@rolldown/binding-linux-arm-gnueabihf":
      optional: true
    "@rolldown/binding-linux-arm64-gnu":
      optional: true
    "@rolldown/binding-linux-arm64-musl":
      optional: true
    "@rolldown/binding-linux-ppc64-gnu":
      optional: true
    "@rolldown/binding-linux-s390x-gnu":
      optional: true
    "@rolldown/binding-linux-x64-gnu":
      optional: true
    "@rolldown/binding-linux-x64-musl":
      optional: true
    "@rolldown/binding-openharmony-arm64":
      optional: true
    "@rolldown/binding-win32-arm64-msvc":
      optional: true
    "@rolldown/binding-win32-x64-msvc":
      optional: true
  bin:
    rolldown: ./bin/cli.mjs
  checksum: 10c0/43dfd083fb625a254c039bddfe04f3dd1d7cf8b84291ead835e3702e8050b7fee5e702c8280d3000b2541c0e24aaa3110bac4251bc2ca50a85fe1c8bbb48d2f5
  languageName: node
  linkType: hard

"scheduler@npm:^0.28.0":
  version: 0.28.0
  resolution: "scheduler@npm:0.28.0"
  checksum: 10c0/783c8e5ce89d41273a02ed6dc0e3d24bd60e05c9e8f7e3adfc6c82e7c69935500d90e343f1ee26d592fc7504e8a2532573c6368def3e93bfe812391fa53efaf4
  languageName: node
  linkType: hard

"semver@npm:^7.3.5":
  version: 7.8.5
  resolution: "semver@npm:7.8.5"
  bin:
    semver: bin/semver.js
  checksum: 10c0/b1f3127a5be8125a94f37188b361c212466c292c6910adce3ec106cff5dc211ccaedc4739c11bb70fda59d6fc1f040a9bca289f4e093451521a2372e5231fe0c
  languageName: node
  linkType: hard

"smol-toml@npm:^1.8.0":
  version: 1.9.0
  resolution: "smol-toml@npm:1.9.0"
  checksum: 10c0/9a15a7560e15d050961f12cffab502f8b42af9d9e4713218181d10d3bda5e0265c4c81a92d6877e7d4e73145fc44d7fbc7cce997d9317b855fea974fc3bbc238
  languageName: node
  linkType: hard

"source-map-js@npm:^1.2.1":
  version: 1.2.1
  resolution: "source-map-js@npm:1.2.1"
  checksum: 10c0/7bda1fc4c197e3c6ff17de1b8b2c20e60af81b63a52cb32ec5a5d67a20a7d42651e2cb34ebe93833c5a2a084377e17455854fee3e21e7925c64a51b6a52b0faf
  languageName: node
  linkType: hard

"strip-json-comments@npm:5.0.3":
  version: 5.0.3
  resolution: "strip-json-comments@npm:5.0.3"
  checksum: 10c0/daaf20b29f69fb51112698f4a9a662490dbb78d5baf6127c75a0a83c2ac6c078a8c0f74b389ad5e0519d6fc359c4a57cb9971b1ae201aef62ce45a13247791e0
  languageName: node
  linkType: hard

"tar@npm:^7.5.4":
  version: 7.5.22
  resolution: "tar@npm:7.5.22"
  dependencies:
    "@isaacs/fs-minipass": "npm:^4.0.0"
    chownr: "npm:^3.0.0"
    minipass: "npm:^7.1.2"
    minizlib: "npm:^3.1.0"
    yallist: "npm:^5.0.0"
  checksum: 10c0/1311f6be85a8157ac4c9147bae43e13923d2a1aae15e4aa1bd5239e4e03d2cf53cfe103dde7f35832fbb4c938b042856bc8e9a0afd29abd05e2d1608788c4fea
  languageName: node
  linkType: hard

"tinyglobby@npm:^0.2.12, tinyglobby@npm:^0.2.17":
  version: 0.2.17
  resolution: "tinyglobby@npm:0.2.17"
  dependencies:
    fdir: "npm:^6.5.0"
    picomatch: "npm:^4.0.4"
  checksum: 10c0/7f7bb0f197c88bc4b20c231e0deca4240ca3bf313a88f5a7fee93a872b84966a4d50220947c0455ad07a60b3b360961c5b7fd979222aeb716a9f99b412002e4c
  languageName: node
  linkType: hard

"tslib@npm:^2.4.0":
  version: 2.8.1
  resolution: "tslib@npm:2.8.1"
  checksum: 10c0/9c4759110a19c53f992d9aae23aac5ced636e99887b51b9e61def52611732872ff7668757d4e4c61f19691e36f4da981cd9485e869b4a7408d689f6bf1f14e62
  languageName: node
  linkType: hard

"typescript@npm:~6.0.2":
  version: 6.0.3
  resolution: "typescript@npm:6.0.3"
  bin:
    tsc: bin/tsc
    tsserver: bin/tsserver
  checksum: 10c0/4a25ff5045b984370f48f196b3a0120779b1b343d40b9a68d114ea5e5fff099809b2bb777576991a63a5cd59cf7bffd96ff6fe10afcefbcb8bd6fb96ad4b6606
  languageName: node
  linkType: hard

"typescript@patch:typescript@npm%3A~6.0.2#optional!builtin<compat/typescript>":
  version: 6.0.3
  resolution: "typescript@patch:typescript@npm%3A6.0.3#optional!builtin<compat/typescript>::version=6.0.3&hash=5786d5"
  bin:
    tsc: bin/tsc
    tsserver: bin/tsserver
  checksum: 10c0/2f25c74e65663c248fa1ade2b8459d9ce5372ff9dad07067310f132966ebec1d93f6c42f0baf77a6b6a7a91460463f708e6887013aaade22111037457c6b25df
  languageName: node
  linkType: hard

"unbash@npm:^4.0.11":
  version: 4.0.11
  resolution: "unbash@npm:4.0.11"
  checksum: 10c0/d140a1dbff0ce488a710b3605be1b42a27b6601ba70d5a844737cedb96aa8b2f7c59211a972f5e1779af4c2b76235a5f69a8321c5a8bd2eaf9b91399ef9085c4
  languageName: node
  linkType: hard

"undici-types@npm:~7.18.0":
  version: 7.18.2
  resolution: "undici-types@npm:7.18.2"
  checksum: 10c0/85a79189113a238959d7a647368e4f7c5559c3a404ebdb8fc4488145ce9426fcd82252a844a302798dfc0e37e6fb178ff481ed03bc4caf634c5757d9ef43521d
  languageName: node
  linkType: hard

"undici@npm:^8.4.1":
  version: 8.11.2
  resolution: "undici@npm:8.11.2"
  checksum: 10c0/106f6991178fb7562fd90cdec7993c5f807a9428682306091f0c4b27fc474ec291f868e29972c6252988bf061ad193df943b3b99e775be157a28d92bbb95699d
  languageName: node
  linkType: hard

"vite@npm:^8.2.0":
  version: 8.3.1
  resolution: "vite@npm:8.3.1"
  dependencies:
    fsevents: "npm:~2.3.3"
    lightningcss: "npm:^1.33.0"
    picomatch: "npm:^4.0.7"
    postcss: "npm:^8.5.28"
    rolldown: "npm:~1.2.9"
    tinyglobby: "npm:^0.2.17"
  peerDependencies:
    "@types/node": ^20.19.0 || >=22.12.0
    "@vitejs/devtools": ^0.7.1
    esbuild: ^0.27.0 || ^0.28.0
    jiti: ">=1.21.0"
    less: ^4.0.0
    sass: ^1.70.0
    sass-embedded: ^1.70.0
    stylus: ">=0.54.8"
    sugarss: ^5.0.0
    terser: ^5.16.0
    tsx: ^4.8.1
    yaml: ^2.4.2
  dependenciesMeta:
    fsevents:
      optional: true
  peerDependenciesMeta:
    "@types/node":
      optional: true
    "@vitejs/devtools":
      optional: true
    esbuild:
      optional: true
    jiti:
      optional: true
    less:
      optional: true
    sass:
      optional: true
    sass-embedded:
      optional: true
    stylus:
      optional: true
    sugarss:
      optional: true
    terser:
      optional: true
    tsx:
      optional: true
    yaml:
      optional: true
  bin:
    vite: bin/vite.js
  checksum: 10c0/a91f4fee1cd331912ee3ac45f49900044846e28b8632ae734fe1978630e643e503d04181b2aeac59f70556fc51137dd49179fd39cbeb72a3e5f0bce88d2bcd30
  languageName: node
  linkType: hard

"walk-up-path@npm:^4.0.0":
  version: 4.0.0
  resolution: "walk-up-path@npm:4.0.0"
  checksum: 10c0/fabe344f91387d1d41df230af962ef18bf703dd4178006d55cd6412caacd187b54440002d4d53a982d4f7f0455567dcffb6d3884533c8b2268928eca3ebd8a19
  languageName: node
  linkType: hard

"which@npm:^7.0.0":
  version: 7.0.0
  resolution: "which@npm:7.0.0"
  dependencies:
    isexe: "npm:^4.0.0"
  bin:
    node-which: bin/which.js
  checksum: 10c0/ca0b54f198f78bbc4b7c02e34bda8d335cb352e0adb4cbca1c37b1a957af3a879a82c4c27ca6525bc942f548d8b64f816ef6528360af9f3de55ffb9b979b620d
  languageName: node
  linkType: hard

"yallist@npm:^5.0.0":
  version: 5.0.0
  resolution: "yallist@npm:5.0.0"
  checksum: 10c0/a499c81ce6d4a1d260d4ea0f6d49ab4da09681e32c3f0472dee16667ed69d01dae63a3b81745a24bd78476ec4fcf856114cb4896ace738e01da34b2c42235416
  languageName: node
  linkType: hard

"yaml@npm:^2.9.1":
  version: 2.9.1
  resolution: "yaml@npm:2.9.1"
  bin:
    yaml: bin.mjs
  checksum: 10c0/9d06676ef02b89559a8b10a71882bd2cdae81e8393dc8dbc871615c3259475d9609ad973d19cb3c9e71e72d6206e3d1e7aa241c7e55f3d16fd2e77db305827d6
  languageName: node
  linkType: hard

"zod@npm:^4.4.3":
  version: 4.6.5
  resolution: "zod@npm:4.6.5"
  checksum: 10c0/32eb6c5e98becbe045675b2141c3611451c16ba567f9779231d79af41c4d651ca1c22f154aef7e6c6e77b929f23e43f1154ca05b82e119e922353725d6776af5
  languageName: node
  linkType: hard
